
Microsoft Visual Studio Solution File, Format Version 12.00
# Visual Studio 15
VisualStudioVersion = 15.0.28010.2036
MinimumVisualStudioVersion = 10.0.40219.1
Project("{FAE04EC0-301F-11D3-BF4B-00C04F79EFBC}") = "GirlsEmpowermentNetwork", "GirlsEmpowermentNetwork\GirlsEmpowermentNetwork.csproj", "{8320EFAD-3372-4F4C-82B4-9A3DAF797FEE}"
EndProject
Global
	GlobalSection(SolutionConfigurationPlatforms) = preSolution
		Debug|Any CPU = Debug|Any CPU
		Release|Any CPU = Release|Any CPU
	EndGlobalSection
	GlobalSection(ProjectConfigurationPlatforms) = postSolution
		{8320EFAD-3372-4F4C-82B4-9A3DAF797FEE}.Debug|Any CPU.ActiveCfg = Debug|Any CPU
		{8320EFAD-3372-4F4C-82B4-9A3DAF797FEE}.Debug|Any CPU.Build.0 = Debug|Any CPU
		{8320EFAD-3372-4F4C-82B4-9A3DAF797FEE}.Release|Any CPU.ActiveCfg = Release|Any CPU
		{8320EFAD-3372-4F4C-82B4-9A3DAF797FEE}.Release|Any CPU.Build.0 = Release|Any CPU
	EndGlobalSection
	GlobalSection(SolutionProperties) = preSolution
		HideSolutionNode = FALSE
	EndGlobalSection
	GlobalSection(ExtensibilityGlobals) = postSolution
		SolutionGuid = {5F3C6207-796B-4DD8-9925-47FE575CABC7}
	EndGlobalSection
EndGlobal
